// !$*UTF8*$!
{
	archiveVersion = 1;
	classes = {
	};
	objectVersion = 46;
	objects = {

/* Begin PBXBuildFile section */
		FEA1B9471BCCE56100ABB2EC /* SearchingTests.swift in Sources */ = {isa = PBXBuildFile; fileRef = FEA1B9461BCCE56100ABB2EC /* SearchingTests.swift */; };
		FEA1B94E1BCCE5C700ABB2EC /* M13OrderedDictionary.m in Sources */ = {isa = PBXBuildFile; fileRef = FEA1B94D1BCCE5C700ABB2EC /* M13OrderedDictionary.m */; settings = {ASSET_TAGS = (); }; };
		FEA1B94F1BCCE5E400ABB2EC /* main.m in Sources */ = {isa = PBXBuildFile; fileRef = FEA1B92D1BCCE51600ABB2EC /* main.m */; settings = {ASSET_TAGS = (); }; };
		FEA1B9501BCCE62A00ABB2EC /* M13OrderedDictionary.m in Sources */ = {isa = PBXBuildFile; fileRef = FEA1B94D1BCCE5C700ABB2EC /* M13OrderedDictionary.m */; settings = {ASSET_TAGS = (); }; };
		FEA1B9591BCCEFF300ABB2EC /* QueryingTests.m in Sources */ = {isa = PBXBuildFile; fileRef = FEA1B9581BCCEFF300ABB2EC /* QueryingTests.m */; settings = {ASSET_TAGS = (); }; };
		FEA1B95E1BCCF68300ABB2EC /* M13TestHelpers.m in Sources */ = {isa = PBXBuildFile; fileRef = FEA1B95D1BCCF68300ABB2EC /* M13TestHelpers.m */; settings = {ASSET_TAGS = (); }; };
/* End PBXBuildFile section */

/* Begin PBXContainerItemProxy section */
		FEA1B9561BCCE85B00ABB2EC /* PBXContainerItemProxy */ = {
			isa = PBXContainerItemProxy;
			containerPortal = FEA1B9221BCCE51600ABB2EC /* Project object */;
			proxyType = 1;
			remoteGlobalIDString = FEA1B9291BCCE51600ABB2EC;
			remoteInfo = M13OrderedDictionary;
		};
/* End PBXContainerItemProxy section */

/* Begin PBXCopyFilesBuildPhase section */
		FEA1B9281BCCE51600ABB2EC /* CopyFiles */ = {
			isa = PBXCopyFilesBuildPhase;
			buildActionMask = 2147483647;
			dstPath = /usr/share/man/man1/;
			dstSubfolderSpec = 0;
			files = (
			);
			runOnlyForDeploymentPostprocessing = 1;
		};
/* End PBXCopyFilesBuildPhase section */

/* Begin PBXFileReference section */
		FEA1B92A1BCCE51600ABB2EC /* M13OrderedDictionary */ = {isa = PBXFileReference; explicitFileType = "compiled.mach-o.executable"; includeInIndex = 0; path = M13OrderedDictionary; sourceTree = BUILT_PRODUCTS_DIR; };
		FEA1B92D1BCCE51600ABB2EC /* main.m */ = {isa = PBXFileReference; lastKnownFileType = sourcecode.c.objc; path = main.m; sourceTree = "<group>"; };
		FEA1B9441BCCE56100ABB2EC /* M13OrderedDictionaryTests.xctest */ = {isa = PBXFileReference; explicitFileType = wrapper.cfbundle; includeInIndex = 0; path = M13OrderedDictionaryTests.xctest; sourceTree = BUILT_PRODUCTS_DIR; };
		FEA1B9461BCCE56100ABB2EC /* SearchingTests.swift */ = {isa = PBXFileReference; lastKnownFileType = sourcecode.swift; path = SearchingTests.swift; sourceTree = "<group>"; };
		FEA1B9481BCCE56100ABB2EC /* Info.plist */ = {isa = PBXFileReference; lastKnownFileType = text.plist.xml; path = Info.plist; sourceTree = "<group>"; };
		FEA1B94C1BCCE5C700ABB2EC /* M13OrderedDictionary.h */ = {isa = PBXFileReference; fileEncoding = 4; lastKnownFileType = sourcecode.c.h; path = M13OrderedDictionary.h; sourceTree = SOURCE_ROOT; };
		FEA1B94D1BCCE5C700ABB2EC /* M13OrderedDictionary.m */ = {isa = PBXFileReference; fileEncoding = 4; lastKnownFileType = sourcecode.c.objc; path = M13OrderedDictionary.m; sourceTree = SOURCE_ROOT; };
		FEA1B9551BCCE6E400ABB2EC /* M13OrderedDictionaryTests-Bridging-Header.h */ = {isa = PBXFileReference; lastKnownFileType = sourcecode.c.h; path = "M13OrderedDictionaryTests-Bridging-Header.h"; sourceTree = "<group>"; };
		FEA1B9581BCCEFF300ABB2EC /* QueryingTests.m */ = {isa = PBXFileReference; fileEncoding = 4; lastKnownFileType = sourcecode.c.objc; path = QueryingTests.m; sourceTree = "<group>"; };
		FEA1B95C1BCCF68300ABB2EC /* M13TestHelpers.h */ = {isa = PBXFileReference; fileEncoding = 4; lastKnownFileType = sourcecode.c.h; path = M13TestHelpers.h; sourceTree = "<group>"; };
		FEA1B95D1BCCF68300ABB2EC /* M13TestHelpers.m */ = {isa = PBXFileReference; fileEncoding = 4; lastKnownFileType = sourcecode.c.objc; path = M13TestHelpers.m; sourceTree = "<group>"; };
/* End PBXFileReference section */

/* Begin PBXFrameworksBuildPhase section */
		FEA1B9271BCCE51600ABB2EC /* Frameworks */ = {
			isa = PBXFrameworksBuildPhase;
			buildActionMask = 2147483647;
			files = (
			);
			runOnlyForDeploymentPostprocessing = 0;
		};
		FEA1B9411BCCE56100ABB2EC /* Frameworks */ = {
			isa = PBXFrameworksBuildPhase;
			buildActionMask = 2147483647;
			files = (
			);
			runOnlyForDeploymentPostprocessing = 0;
		};
/* End PBXFrameworksBuildPhase section */

/* Begin PBXGroup section */
		FEA1B9211BCCE51600ABB2EC = {
			isa = PBXGroup;
			children = (
				FEA1B92C1BCCE51600ABB2EC /* M13OrderedDictionary */,
				FEA1B9451BCCE56100ABB2EC /* M13OrderedDictionaryTests */,
				FEA1B92B1BCCE51600ABB2EC /* Products */,
			);
			sourceTree = "<group>";
		};
		FEA1B92B1BCCE51600ABB2EC /* Products */ = {
			isa = PBXGroup;
			children = (
				FEA1B92A1BCCE51600ABB2EC /* M13OrderedDictionary */,
				FEA1B9441BCCE56100ABB2EC /* M13OrderedDictionaryTests.xctest */,
			);
			name = Products;
			sourceTree = "<group>";
		};
		FEA1B92C1BCCE51600ABB2EC /* M13OrderedDictionary */ = {
			isa = PBXGroup;
			children = (
				FEA1B92D1BCCE51600ABB2EC /* main.m */,
				FEA1B94C1BCCE5C700ABB2EC /* M13OrderedDictionary.h */,
				FEA1B94D1BCCE5C700ABB2EC /* M13OrderedDictionary.m */,
			);
			name = M13OrderedDictionary;
			sourceTree = "<group>";
		};
		FEA1B9451BCCE56100ABB2EC /* M13OrderedDictionaryTests */ = {
			isa = PBXGroup;
			children = (
				FEA1B9461BCCE56100ABB2EC /* SearchingTests.swift */,
				FEA1B9581BCCEFF300ABB2EC /* QueryingTests.m */,
				FEA1B95F1BCD3F0B00ABB2EC /* Helpers */,
				FEA1B9541BCCE69B00ABB2EC /* Supporting Files */,
			);
			name = M13OrderedDictionaryTests;
			path = Tests;
			sourceTree = "<group>";
		};
		FEA1B9541BCCE69B00ABB2EC /* Supporting Files */ = {
			isa = PBXGroup;
			children = (
				FEA1B9481BCCE56100ABB2EC /* Info.plist */,
				FEA1B9551BCCE6E400ABB2EC /* M13OrderedDictionaryTests-Bridging-Header.h */,
			);
			name = "Supporting Files";
			sourceTree = "<group>";
		};
		FEA1B95F1BCD3F0B00ABB2EC /* Helpers */ = {
			isa = PBXGroup;
			children = (
				FEA1B95C1BCCF68300ABB2EC /* M13TestHelpers.h */,
				FEA1B95D1BCCF68300ABB2EC /* M13TestHelpers.m */,
			);
			name = Helpers;
			sourceTree = "<group>";
		};
/* End PBXGroup section */

/* Begin PBXNativeTarget section */
		FEA1B9291BCCE51600ABB2EC /* M13OrderedDictionary */ = {
			isa = PBXNativeTarget;
			buildConfigurationList = FEA1B9311BCCE51600ABB2EC /* Build configuration list for PBXNativeTarget "M13OrderedDictionary" */;
			buildPhases = (
				FEA1B9261BCCE51600ABB2EC /* Sources */,
				FEA1B9271BCCE51600ABB2EC /* Frameworks */,
				FEA1B9281BCCE51600ABB2EC /* CopyFiles */,
			);
			buildRules = (
			);
			dependencies = (
			);
			name = M13OrderedDictionary;
			productName = M13OrderedDictionary;
			productReference = FEA1B92A1BCCE51600ABB2EC /* M13OrderedDictionary */;
			productType = "com.apple.product-type.tool";
		};
		FEA1B9431BCCE56100ABB2EC /* M13OrderedDictionaryTests */ = {
			isa = PBXNativeTarget;
			buildConfigurationList = FEA1B9491BCCE56100ABB2EC /* Build configuration list for PBXNativeTarget "M13OrderedDictionaryTests" */;
			buildPhases = (
				FEA1B9401BCCE56100ABB2EC /* Sources */,
				FEA1B9411BCCE56100ABB2EC /* Frameworks */,
				FEA1B9421BCCE56100ABB2EC /* Resources */,
			);
			buildRules = (
			);
			dependencies = (
				FEA1B9571BCCE85B00ABB2EC /* PBXTargetDependency */,
			);
			name = M13OrderedDictionaryTests;
			productName = M13OrderedDictionaryTests;
			productReference = FEA1B9441BCCE56100ABB2EC /* M13OrderedDictionaryTests.xctest */;
			productType = "com.apple.product-type.bundle.unit-test";
		};
/* End PBXNativeTarget section */

/* Begin PBXProject section */
		FEA1B9221BCCE51600ABB2EC /* Project object */ = {
			isa = PBXProject;
			attributes = {
				CLASSPREFIX = M13;
				LastUpgradeCheck = 0700;
				ORGANIZATIONNAME = M13OrderedDictionary;
				TargetAttributes = {
					FEA1B9291BCCE51600ABB2EC = {
						CreatedOnToolsVersion = 7.0;
					};
					FEA1B9431BCCE56100ABB2EC = {
						CreatedOnToolsVersion = 7.0;
					};
				};
			};
			buildConfigurationList = FEA1B9251BCCE51600ABB2EC /* Build configuration list for PBXProject "M13OrderedDictionary" */;
			compatibilityVersion = "Xcode 3.2";
			developmentRegion = English;
			hasScannedForEncodings = 0;
			knownRegions = (
				en,
			);
			mainGroup = FEA1B9211BCCE51600ABB2EC;
			productRefGroup = FEA1B92B1BCCE51600ABB2EC /* Products */;
			projectDirPath = "";
			projectRoot = "";
			targets = (
				FEA1B9291BCCE51600ABB2EC /* M13OrderedDictionary */,
				FEA1B9431BCCE56100ABB2EC /* M13OrderedDictionaryTests */,
			);
		};
/* End PBXProject section */

/* Begin PBXResourcesBuildPhase section */
		FEA1B9421BCCE56100ABB2EC /* Resources */ = {
			isa = PBXResourcesBuildPhase;
			buildActionMask = 2147483647;
			files = (
			);
			runOnlyForDeploymentPostprocessing = 0;
		};
/* End PBXResourcesBuildPhase section */

/* Begin PBXSourcesBuildPhase section */
		FEA1B9261BCCE51600ABB2EC /* Sources */ = {
			isa = PBXSourcesBuildPhase;
			buildActionMask = 2147483647;
			files = (
				FEA1B94F1BCCE5E400ABB2EC /* main.m in Sources */,
				FEA1B94E1BCCE5C700ABB2EC /* M13OrderedDictionary.m in Sources */,
			);
			runOnlyForDeploymentPostprocessing = 0;
		};
		FEA1B9401BCCE56100ABB2EC /* Sources */ = {
			isa = PBXSourcesBuildPhase;
			buildActionMask = 2147483647;
			files = (
				FEA1B9471BCCE56100ABB2EC /* SearchingTests.swift in Sources */,
				FEA1B9591BCCEFF300ABB2EC /* QueryingTests.m in Sources */,
				FEA1B9501BCCE62A00ABB2EC /* M13OrderedDictionary.m in Sources */,
				FEA1B95E1BCCF68300ABB2EC /* M13TestHelpers.m in Sources */,
			);
			runOnlyForDeploymentPostprocessing = 0;
		};
/* End PBXSourcesBuildPhase section */

/* Begin PBXTargetDependency section */
		FEA1B9571BCCE85B00ABB2EC /* PBXTargetDependency */ = {
			isa = PBXTargetDependency;
			target = FEA1B9291BCCE51600ABB2EC /* M13OrderedDictionary */;
			targetProxy = FEA1B9561BCCE85B00ABB2EC /* PBXContainerItemProxy */;
		};
/* End PBXTargetDependency section */

/* Begin XCBuildConfiguration section */
		FEA1B92F1BCCE51600ABB2EC /* Debug */ = {
			isa = XCBuildConfiguration;
			buildSettings = {
				ALWAYS_SEARCH_USER_PATHS = NO;
				CLANG_CXX_LANGUAGE_STANDARD = "gnu++0x";
				CLANG_CXX_LIBRARY = "libc++";
				CLANG_ENABLE_MODULES = YES;
				CLANG_ENABLE_OBJC_ARC = YES;
				CLANG_WARN_BOOL_CONVERSION = YES;
				CLANG_WARN_CONSTANT_CONVERSION = YES;
				CLANG_WARN_DIRECT_OBJC_ISA_USAGE = YES_ERROR;
				CLANG_WARN_EMPTY_BODY = YES;
				CLANG_WARN_ENUM_CONVERSION = YES;
				CLANG_WARN_INT_CONVERSION = YES;
				CLANG_WARN_OBJC_ROOT_CLASS = YES_ERROR;
				CLANG_WARN_UNREACHABLE_CODE = YES;
				CLANG_WARN__DUPLICATE_METHOD_MATCH = YES;
				COPY_PHASE_STRIP = NO;
				DEBUG_INFORMATION_FORMAT = dwarf;
				ENABLE_STRICT_OBJC_MSGSEND = YES;
				ENABLE_TESTABILITY = YES;
				GCC_C_LANGUAGE_STANDARD = gnu99;
				GCC_DYNAMIC_NO_PIC = NO;
				GCC_NO_COMMON_BLOCKS = YES;
				GCC_OPTIMIZATION_LEVEL = 0;
				GCC_PREPROCESSOR_DEFINITIONS = (
					"DEBUG=1",
					"$(inherited)",
				);
				GCC_WARN_64_TO_32_BIT_CONVERSION = YES;
				GCC_WARN_ABOUT_RETURN_TYPE = YES_ERROR;
				GCC_WARN_UNDECLARED_SELECTOR = YES;
				GCC_WARN_UNINITIALIZED_AUTOS = YES_AGGRESSIVE;
				GCC_WARN_UNUSED_FUNCTION = YES;
				GCC_WARN_UNUSED_VARIABLE = YES;
				MACOSX_DEPLOYMENT_TARGET = 10.11;
				MTL_ENABLE_DEBUG_INFO = YES;
				ONLY_ACTIVE_ARCH = YES;
				SDKROOT = macosx;
			};
			name = Debug;
		};
		FEA1B9301BCCE51600ABB2EC /* Release */ = {
			isa = XCBuildConfiguration;
			buildSettings = {
				ALWAYS_SEARCH_USER_PATHS = NO;
				CLANG_CXX_LANGUAGE_STANDARD = "gnu++0x";
				CLANG_CXX_LIBRARY = "libc++";
				CLANG_ENABLE_MODULES = YES;
				CLANG_ENABLE_OBJC_ARC = YES;
				CLANG_WARN_BOOL_CONVERSION = YES;
				CLANG_WARN_CONSTANT_CONVERSION = YES;
				CLANG_WARN_DIRECT_OBJC_ISA_USAGE = YES_ERROR;
				CLANG_WARN_EMPTY_BODY = YES;
				CLANG_WARN_ENUM_CONVERSION = YES;
				CLANG_WARN_INT_CONVERSION = YES;
				CLANG_WARN_OBJC_ROOT_CLASS = YES_ERROR;
				CLANG_WARN_UNREACHABLE_CODE = YES;
				CLANG_WARN__DUPLICATE_METHOD_MATCH = YES;
				COPY_PHASE_STRIP = NO;
				DEBUG_INFORMATION_FORMAT = "dwarf-with-dsym";
				ENABLE_NS_ASSERTIONS = NO;
				ENABLE_STRICT_OBJC_MSGSEND = YES;
				GCC_C_LANGUAGE_STANDARD = gnu99;
				GCC_NO_COMMON_BLOCKS = YES;
				GCC_WARN_64_TO_32_BIT_CONVERSION = YES;
				GCC_WARN_ABOUT_RETURN_TYPE = YES_ERROR;
				GCC_WARN_UNDECLARED_SELECTOR = YES;
				GCC_WARN_UNINITIALIZED_AUTOS = YES_AGGRESSIVE;
				GCC_WARN_UNUSED_FUNCTION = YES;
				GCC_WARN_UNUSED_VARIABLE = YES;
				MACOSX_DEPLOYMENT_TARGET = 10.11;
				MTL_ENABLE_DEBUG_INFO = NO;
				SDKROOT = macosx;
			};
			name = Release;
		};
		FEA1B9321BCCE51600ABB2EC /* Debug */ = {
			isa = XCBuildConfiguration;
			buildSettings = {
				PRODUCT_NAME = "$(TARGET_NAME)";
			};
			name = Debug;
		};
		FEA1B9331BCCE51600ABB2EC /* Release */ = {
			isa = XCBuildConfiguration;
			buildSettings = {
				PRODUCT_NAME = "$(TARGET_NAME)";
			};
			name = Release;
		};
		FEA1B94A1BCCE56100ABB2EC /* Debug */ = {
			isa = XCBuildConfiguration;
			buildSettings = {
				COMBINE_HIDPI_IMAGES = YES;
				INFOPLIST_FILE = Tests/Info.plist;
				LD_RUNPATH_SEARCH_PATHS = "$(inherited) @executable_path/../Frameworks @loader_path/../Frameworks";
				PRODUCT_BUNDLE_IDENTIFIER = com.M13OrderedDictionary.M13OrderedDictionaryTests;
				PRODUCT_NAME = "$(TARGET_NAME)";
				SWIFT_OBJC_BRIDGING_HEADER = "Tests/M13OrderedDictionaryTests-Bridging-Header.h";
				SWIFT_OPTIMIZATION_LEVEL = "-Onone";
			};
			name = Debug;
		};
		FEA1B94B1BCCE56100ABB2EC /* Release */ = {
			isa = XCBuildConfiguration;
			buildSettings = {
				COMBINE_HIDPI_IMAGES = YES;
				INFOPLIST_FILE = Tests/Info.plist;
				LD_RUNPATH_SEARCH_PATHS = "$(inherited) @executable_path/../Frameworks @loader_path/../Frameworks";
				PRODUCT_BUNDLE_IDENTIFIER = com.M13OrderedDictionary.M13OrderedDictionaryTests;
				PRODUCT_NAME = "$(TARGET_NAME)";
				SWIFT_OBJC_BRIDGING_HEADER = "Tests/M13OrderedDictionaryTests-Bridging-Header.h";
			};
			name = Release;
		};
/* End XCBuildConfiguration section */

/* Begin XCConfigurationList section */
		FEA1B9251BCCE51600ABB2EC /* Build configuration list for PBXProject "M13OrderedDictionary" */ = {
			isa = XCConfigurationList;
			buildConfigurations = (
				FEA1B92F1BCCE51600ABB2EC /* Debug */,
				FEA1B9301BCCE51600ABB2EC /* Release */,
			);
			defaultConfigurationIsVisible = 0;
			defaultConfigurationName = Release;
		};
		FEA1B9311BCCE51600ABB2EC /* Build configuration list for PBXNativeTarget "M13OrderedDictionary" */ = {
			isa = XCConfigurationList;
			buildConfigurations = (
				FEA1B9321BCCE51600ABB2EC /* Debug */,
				FEA1B9331BCCE51600ABB2EC /* Release */,
			);
			defaultConfigurationIsVisible = 0;
			defaultConfigurationName = Release;
		};
		FEA1B9491BCCE56100ABB2EC /* Build configuration list for PBXNativeTarget "M13OrderedDictionaryTests" */ = {
			isa = XCConfigurationList;
			buildConfigurations = (
				FEA1B94A1BCCE56100ABB2EC /* Debug */,
				FEA1B94B1BCCE56100ABB2EC /* Release */,
			);
			defaultConfigurationIsVisible = 0;
			defaultConfigurationName = Release;
		};
/* End XCConfigurationList section */
	};
	rootObject = FEA1B9221BCCE51600ABB2EC /* Project object */;
}
